// !$*UTF8*$!
{
	archiveVersion = 1;
	classes = {
	};
	objectVersion = 46;
	objects = {

/* Begin PBXBuildFile section */
		BC769AD81DA9E755008BE6D6 /* FactoryUI.swift in Sources */ = {isa = PBXBuildFile; fileRef = BC769AD71DA9E755008BE6D6 /* FactoryUI.swift */; };
		BC769ADA1DA9E7DD008BE6D6 /* RootViewController.swift in Sources */ = {isa = PBXBuildFile; fileRef = BC769AD91DA9E7DD008BE6D6 /* RootViewController.swift */; };
		BC769ADD1DA9E833008BE6D6 /* MusicViewController.swift in Sources */ = {isa = PBXBuildFile; fileRef = BC769ADC1DA9E833008BE6D6 /* MusicViewController.swift */; };
		BC769ADF1DA9E840008BE6D6 /* MyViewController.swift in Sources */ = {isa = PBXBuildFile; fileRef = BC769ADE1DA9E840008BE6D6 /* MyViewController.swift */; };
		BC769AE11DA9E855008BE6D6 /* YYMViewController.swift in Sources */ = {isa = PBXBuildFile; fileRef = BC769AE01DA9E855008BE6D6 /* YYMViewController.swift */; };
		BC769AE31DA9E8B5008BE6D6 /* MyTabBarController.swift in Sources */ = {isa = PBXBuildFile; fileRef = BC769AE21DA9E8B5008BE6D6 /* MyTabBarController.swift */; };
		BC769AEA1DA9EE55008BE6D6 /* 0_.png in Resources */ = {isa = PBXBuildFile; fileRef = BC769AE41DA9EE55008BE6D6 /* 0_.png */; };
		BC769AEB1DA9EE55008BE6D6 /* 0.png in Resources */ = {isa = PBXBuildFile; fileRef = BC769AE51DA9EE55008BE6D6 /* 0.png */; };
		BC769AEC1DA9EE55008BE6D6 /* 1_.png in Resources */ = {isa = PBXBuildFile; fileRef = BC769AE61DA9EE55008BE6D6 /* 1_.png */; };
		BC769AED1DA9EE55008BE6D6 /* 1.png in Resources */ = {isa = PBXBuildFile; fileRef = BC769AE71DA9EE55008BE6D6 /* 1.png */; };
		BC769AEE1DA9EE55008BE6D6 /* 2_.png in Resources */ = {isa = PBXBuildFile; fileRef = BC769AE81DA9EE55008BE6D6 /* 2_.png */; };
		BC769AEF1DA9EE55008BE6D6 /* 2.png in Resources */ = {isa = PBXBuildFile; fileRef = BC769AE91DA9EE55008BE6D6 /* 2.png */; };
<<<<<<< HEAD
		BC769AF11DAA33CB008BE6D6 /* 58x58.png in Resources */ = {isa = PBXBuildFile; fileRef = BC769AF01DAA33CB008BE6D6 /* 58x58.png */; };
=======
		BCC412811DAA2CD300F48489 /* Simulator Screen Shot 2016年9月29日 下午7.01.28.png in Resources */ = {isa = PBXBuildFile; fileRef = BCC412801DAA2CD300F48489 /* Simulator Screen Shot 2016年9月29日 下午7.01.28.png */; };
>>>>>>> 682dfc0b23929d72817a3dfc0cf3f2646984fede
		BCC620971DA9DB0E002C8262 /* AppDelegate.swift in Sources */ = {isa = PBXBuildFile; fileRef = BCC620961DA9DB0E002C8262 /* AppDelegate.swift */; };
		BCC620991DA9DB0E002C8262 /* ViewController.swift in Sources */ = {isa = PBXBuildFile; fileRef = BCC620981DA9DB0E002C8262 /* ViewController.swift */; };
		BCC6209C1DA9DB0E002C8262 /* Main.storyboard in Resources */ = {isa = PBXBuildFile; fileRef = BCC6209A1DA9DB0E002C8262 /* Main.storyboard */; };
		BCC6209E1DA9DB0E002C8262 /* Assets.xcassets in Resources */ = {isa = PBXBuildFile; fileRef = BCC6209D1DA9DB0E002C8262 /* Assets.xcassets */; };
		BCC620A11DA9DB0E002C8262 /* LaunchScreen.storyboard in Resources */ = {isa = PBXBuildFile; fileRef = BCC6209F1DA9DB0E002C8262 /* LaunchScreen.storyboard */; };
/* End PBXBuildFile section */

/* Begin PBXFileReference section */
		BC769AD71DA9E755008BE6D6 /* FactoryUI.swift */ = {isa = PBXFileReference; fileEncoding = 4; lastKnownFileType = sourcecode.swift; path = FactoryUI.swift; sourceTree = "<group>"; };
		BC769AD91DA9E7DD008BE6D6 /* RootViewController.swift */ = {isa = PBXFileReference; fileEncoding = 4; lastKnownFileType = sourcecode.swift; path = RootViewController.swift; sourceTree = "<group>"; };
		BC769ADC1DA9E833008BE6D6 /* MusicViewController.swift */ = {isa = PBXFileReference; fileEncoding = 4; lastKnownFileType = sourcecode.swift; path = MusicViewController.swift; sourceTree = "<group>"; };
		BC769ADE1DA9E840008BE6D6 /* MyViewController.swift */ = {isa = PBXFileReference; fileEncoding = 4; lastKnownFileType = sourcecode.swift; path = MyViewController.swift; sourceTree = "<group>"; };
		BC769AE01DA9E855008BE6D6 /* YYMViewController.swift */ = {isa = PBXFileReference; fileEncoding = 4; lastKnownFileType = sourcecode.swift; path = YYMViewController.swift; sourceTree = "<group>"; };
		BC769AE21DA9E8B5008BE6D6 /* MyTabBarController.swift */ = {isa = PBXFileReference; fileEncoding = 4; lastKnownFileType = sourcecode.swift; path = MyTabBarController.swift; sourceTree = "<group>"; };
		BC769AE41DA9EE55008BE6D6 /* 0_.png */ = {isa = PBXFileReference; lastKnownFileType = image.png; path = 0_.png; sourceTree = "<group>"; };
		BC769AE51DA9EE55008BE6D6 /* 0.png */ = {isa = PBXFileReference; lastKnownFileType = image.png; path = 0.png; sourceTree = "<group>"; };
		BC769AE61DA9EE55008BE6D6 /* 1_.png */ = {isa = PBXFileReference; lastKnownFileType = image.png; path = 1_.png; sourceTree = "<group>"; };
		BC769AE71DA9EE55008BE6D6 /* 1.png */ = {isa = PBXFileReference; lastKnownFileType = image.png; path = 1.png; sourceTree = "<group>"; };
		BC769AE81DA9EE55008BE6D6 /* 2_.png */ = {isa = PBXFileReference; lastKnownFileType = image.png; path = 2_.png; sourceTree = "<group>"; };
		BC769AE91DA9EE55008BE6D6 /* 2.png */ = {isa = PBXFileReference; lastKnownFileType = image.png; path = 2.png; sourceTree = "<group>"; };
<<<<<<< HEAD
		BC769AF01DAA33CB008BE6D6 /* 58x58.png */ = {isa = PBXFileReference; lastKnownFileType = image.png; path = 58x58.png; sourceTree = "<group>"; };
=======
		BCC412801DAA2CD300F48489 /* Simulator Screen Shot 2016年9月29日 下午7.01.28.png */ = {isa = PBXFileReference; lastKnownFileType = image.png; path = "Simulator Screen Shot 2016年9月29日 下午7.01.28.png"; sourceTree = "<group>"; };
>>>>>>> 682dfc0b23929d72817a3dfc0cf3f2646984fede
		BCC620931DA9DB0E002C8262 /* product.app */ = {isa = PBXFileReference; explicitFileType = wrapper.application; includeInIndex = 0; path = product.app; sourceTree = BUILT_PRODUCTS_DIR; };
		BCC620961DA9DB0E002C8262 /* AppDelegate.swift */ = {isa = PBXFileReference; lastKnownFileType = sourcecode.swift; path = AppDelegate.swift; sourceTree = "<group>"; };
		BCC620981DA9DB0E002C8262 /* ViewController.swift */ = {isa = PBXFileReference; lastKnownFileType = sourcecode.swift; path = ViewController.swift; sourceTree = "<group>"; };
		BCC6209B1DA9DB0E002C8262 /* Base */ = {isa = PBXFileReference; lastKnownFileType = file.storyboard; name = Base; path = Base.lproj/Main.storyboard; sourceTree = "<group>"; };
		BCC6209D1DA9DB0E002C8262 /* Assets.xcassets */ = {isa = PBXFileReference; lastKnownFileType = folder.assetcatalog; path = Assets.xcassets; sourceTree = "<group>"; };
		BCC620A01DA9DB0E002C8262 /* Base */ = {isa = PBXFileReference; lastKnownFileType = file.storyboard; name = Base; path = Base.lproj/LaunchScreen.storyboard; sourceTree = "<group>"; };
		BCC620A21DA9DB0E002C8262 /* Info.plist */ = {isa = PBXFileReference; lastKnownFileType = text.plist.xml; path = Info.plist; sourceTree = "<group>"; };
/* End PBXFileReference section */

/* Begin PBXFrameworksBuildPhase section */
		BCC620901DA9DB0E002C8262 /* Frameworks */ = {
			isa = PBXFrameworksBuildPhase;
			buildActionMask = 2147483647;
			files = (
			);
			runOnlyForDeploymentPostprocessing = 0;
		};
/* End PBXFrameworksBuildPhase section */

/* Begin PBXGroup section */
		BC769AD01DA9E722008BE6D6 /* Models */ = {
			isa = PBXGroup;
			children = (
			);
			path = Models;
			sourceTree = "<group>";
		};
		BC769AD11DA9E722008BE6D6 /* Public */ = {
			isa = PBXGroup;
			children = (
				BC769AE21DA9E8B5008BE6D6 /* MyTabBarController.swift */,
			);
			path = Public;
			sourceTree = "<group>";
		};
		BC769AD21DA9E722008BE6D6 /* Resources */ = {
			isa = PBXGroup;
			children = (
				BC769AD31DA9E722008BE6D6 /* image */,
				BC769AD41DA9E722008BE6D6 /* Tools */,
			);
			path = Resources;
			sourceTree = "<group>";
		};
		BC769AD31DA9E722008BE6D6 /* image */ = {
			isa = PBXGroup;
			children = (
				BC769AE41DA9EE55008BE6D6 /* 0_.png */,
				BC769AE51DA9EE55008BE6D6 /* 0.png */,
<<<<<<< HEAD
				BC769AF01DAA33CB008BE6D6 /* 58x58.png */,
=======
				BCC412801DAA2CD300F48489 /* Simulator Screen Shot 2016年9月29日 下午7.01.28.png */,
>>>>>>> 682dfc0b23929d72817a3dfc0cf3f2646984fede
				BC769AE61DA9EE55008BE6D6 /* 1_.png */,
				BC769AE71DA9EE55008BE6D6 /* 1.png */,
				BC769AE81DA9EE55008BE6D6 /* 2_.png */,
				BC769AE91DA9EE55008BE6D6 /* 2.png */,
			);
			path = image;
			sourceTree = "<group>";
		};
		BC769AD41DA9E722008BE6D6 /* Tools */ = {
			isa = PBXGroup;
			children = (
				BC769AD71DA9E755008BE6D6 /* FactoryUI.swift */,
			);
			path = Tools;
			sourceTree = "<group>";
		};
		BC769AD51DA9E722008BE6D6 /* ThirdLib */ = {
			isa = PBXGroup;
			children = (
			);
			path = ThirdLib;
			sourceTree = "<group>";
		};
		BC769AD61DA9E722008BE6D6 /* Views */ = {
			isa = PBXGroup;
			children = (
			);
			path = Views;
			sourceTree = "<group>";
		};
		BC769ADB1DA9E818008BE6D6 /* Controllers */ = {
			isa = PBXGroup;
			children = (
				BC769ADC1DA9E833008BE6D6 /* MusicViewController.swift */,
				BC769ADE1DA9E840008BE6D6 /* MyViewController.swift */,
				BC769AE01DA9E855008BE6D6 /* YYMViewController.swift */,
			);
			name = Controllers;
			path = Resources/Controllers;
			sourceTree = "<group>";
		};
		BCC6208A1DA9DB0E002C8262 = {
			isa = PBXGroup;
			children = (
				BCC620951DA9DB0E002C8262 /* product */,
				BCC620941DA9DB0E002C8262 /* Products */,
			);
			sourceTree = "<group>";
		};
		BCC620941DA9DB0E002C8262 /* Products */ = {
			isa = PBXGroup;
			children = (
				BCC620931DA9DB0E002C8262 /* product.app */,
			);
			name = Products;
			sourceTree = "<group>";
		};
		BCC620951DA9DB0E002C8262 /* product */ = {
			isa = PBXGroup;
			children = (
				BCC620961DA9DB0E002C8262 /* AppDelegate.swift */,
				BCC620981DA9DB0E002C8262 /* ViewController.swift */,
				BC769AD91DA9E7DD008BE6D6 /* RootViewController.swift */,
				BCC6209A1DA9DB0E002C8262 /* Main.storyboard */,
				BCC6209D1DA9DB0E002C8262 /* Assets.xcassets */,
				BCC6209F1DA9DB0E002C8262 /* LaunchScreen.storyboard */,
				BC769ADB1DA9E818008BE6D6 /* Controllers */,
				BC769AD01DA9E722008BE6D6 /* Models */,
				BC769AD11DA9E722008BE6D6 /* Public */,
				BC769AD21DA9E722008BE6D6 /* Resources */,
				BC769AD51DA9E722008BE6D6 /* ThirdLib */,
				BC769AD61DA9E722008BE6D6 /* Views */,
				BCC620A21DA9DB0E002C8262 /* Info.plist */,
			);
			path = product;
			sourceTree = "<group>";
		};
/* End PBXGroup section */

/* Begin PBXNativeTarget section */
		BCC620921DA9DB0E002C8262 /* product */ = {
			isa = PBXNativeTarget;
			buildConfigurationList = BCC620A51DA9DB0E002C8262 /* Build configuration list for PBXNativeTarget "product" */;
			buildPhases = (
				BCC6208F1DA9DB0E002C8262 /* Sources */,
				BCC620901DA9DB0E002C8262 /* Frameworks */,
				BCC620911DA9DB0E002C8262 /* Resources */,
			);
			buildRules = (
			);
			dependencies = (
			);
			name = product;
			productName = product;
			productReference = BCC620931DA9DB0E002C8262 /* product.app */;
			productType = "com.apple.product-type.application";
		};
/* End PBXNativeTarget section */

/* Begin PBXProject section */
		BCC6208B1DA9DB0E002C8262 /* Project object */ = {
			isa = PBXProject;
			attributes = {
				LastSwiftUpdateCheck = 0720;
				LastUpgradeCheck = 0720;
				ORGANIZATIONNAME = "千锋";
				TargetAttributes = {
					BCC620921DA9DB0E002C8262 = {
						CreatedOnToolsVersion = 7.2;
					};
				};
			};
			buildConfigurationList = BCC6208E1DA9DB0E002C8262 /* Build configuration list for PBXProject "product" */;
			compatibilityVersion = "Xcode 3.2";
			developmentRegion = English;
			hasScannedForEncodings = 0;
			knownRegions = (
				en,
				Base,
			);
			mainGroup = BCC6208A1DA9DB0E002C8262;
			productRefGroup = BCC620941DA9DB0E002C8262 /* Products */;
			projectDirPath = "";
			projectRoot = "";
			targets = (
				BCC620921DA9DB0E002C8262 /* product */,
			);
		};
/* End PBXProject section */

/* Begin PBXResourcesBuildPhase section */
		BCC620911DA9DB0E002C8262 /* Resources */ = {
			isa = PBXResourcesBuildPhase;
			buildActionMask = 2147483647;
			files = (
				BCC412811DAA2CD300F48489 /* Simulator Screen Shot 2016年9月29日 下午7.01.28.png in Resources */,
				BC769AEA1DA9EE55008BE6D6 /* 0_.png in Resources */,
				BC769AEB1DA9EE55008BE6D6 /* 0.png in Resources */,
				BC769AF11DAA33CB008BE6D6 /* 58x58.png in Resources */,
				BC769AEE1DA9EE55008BE6D6 /* 2_.png in Resources */,
				BCC620A11DA9DB0E002C8262 /* LaunchScreen.storyboard in Resources */,
				BC769AEC1DA9EE55008BE6D6 /* 1_.png in Resources */,
				BCC6209E1DA9DB0E002C8262 /* Assets.xcassets in Resources */,
				BC769AEF1DA9EE55008BE6D6 /* 2.png in Resources */,
				BCC6209C1DA9DB0E002C8262 /* Main.storyboard in Resources */,
				BC769AED1DA9EE55008BE6D6 /* 1.png in Resources */,
			);
			runOnlyForDeploymentPostprocessing = 0;
		};
/* End PBXResourcesBuildPhase section */

/* Begin PBXSourcesBuildPhase section */
		BCC6208F1DA9DB0E002C8262 /* Sources */ = {
			isa = PBXSourcesBuildPhase;
			buildActionMask = 2147483647;
			files = (
				BCC620991DA9DB0E002C8262 /* ViewController.swift in Sources */,
				BC769AE31DA9E8B5008BE6D6 /* MyTabBarController.swift in Sources */,
				BC769ADD1DA9E833008BE6D6 /* MusicViewController.swift in Sources */,
				BC769AD81DA9E755008BE6D6 /* FactoryUI.swift in Sources */,
				BC769AE11DA9E855008BE6D6 /* YYMViewController.swift in Sources */,
				BC769ADA1DA9E7DD008BE6D6 /* RootViewController.swift in Sources */,
				BC769ADF1DA9E840008BE6D6 /* MyViewController.swift in Sources */,
				BCC620971DA9DB0E002C8262 /* AppDelegate.swift in Sources */,
			);
			runOnlyForDeploymentPostprocessing = 0;
		};
/* End PBXSourcesBuildPhase section */

/* Begin PBXVariantGroup section */
		BCC6209A1DA9DB0E002C8262 /* Main.storyboard */ = {
			isa = PBXVariantGroup;
			children = (
				BCC6209B1DA9DB0E002C8262 /* Base */,
			);
			name = Main.storyboard;
			sourceTree = "<group>";
		};
		BCC6209F1DA9DB0E002C8262 /* LaunchScreen.storyboard */ = {
			isa = PBXVariantGroup;
			children = (
				BCC620A01DA9DB0E002C8262 /* Base */,
			);
			name = LaunchScreen.storyboard;
			sourceTree = "<group>";
		};
/* End PBXVariantGroup section */

/* Begin XCBuildConfiguration section */
		BCC620A31DA9DB0E002C8262 /* Debug */ = {
			isa = XCBuildConfiguration;
			buildSettings = {
				ALWAYS_SEARCH_USER_PATHS = NO;
				CLANG_CXX_LANGUAGE_STANDARD = "gnu++0x";
				CLANG_CXX_LIBRARY = "libc++";
				CLANG_ENABLE_MODULES = YES;
				CLANG_ENABLE_OBJC_ARC = YES;
				CLANG_WARN_BOOL_CONVERSION = YES;
				CLANG_WARN_CONSTANT_CONVERSION = YES;
				CLANG_WARN_DIRECT_OBJC_ISA_USAGE = YES_ERROR;
				CLANG_WARN_EMPTY_BODY = YES;
				CLANG_WARN_ENUM_CONVERSION = YES;
				CLANG_WARN_INT_CONVERSION = YES;
				CLANG_WARN_OBJC_ROOT_CLASS = YES_ERROR;
				CLANG_WARN_UNREACHABLE_CODE = YES;
				CLANG_WARN__DUPLICATE_METHOD_MATCH = YES;
				"CODE_SIGN_IDENTITY[sdk=iphoneos*]" = "iPhone Developer";
				COPY_PHASE_STRIP = NO;
				DEBUG_INFORMATION_FORMAT = dwarf;
				ENABLE_STRICT_OBJC_MSGSEND = YES;
				ENABLE_TESTABILITY = YES;
				GCC_C_LANGUAGE_STANDARD = gnu99;
				GCC_DYNAMIC_NO_PIC = NO;
				GCC_NO_COMMON_BLOCKS = YES;
				GCC_OPTIMIZATION_LEVEL = 0;
				GCC_PREPROCESSOR_DEFINITIONS = (
					"DEBUG=1",
					"$(inherited)",
				);
				GCC_WARN_64_TO_32_BIT_CONVERSION = YES;
				GCC_WARN_ABOUT_RETURN_TYPE = YES_ERROR;
				GCC_WARN_UNDECLARED_SELECTOR = YES;
				GCC_WARN_UNINITIALIZED_AUTOS = YES_AGGRESSIVE;
				GCC_WARN_UNUSED_FUNCTION = YES;
				GCC_WARN_UNUSED_VARIABLE = YES;
				IPHONEOS_DEPLOYMENT_TARGET = 9.2;
				MTL_ENABLE_DEBUG_INFO = YES;
				ONLY_ACTIVE_ARCH = YES;
				SDKROOT = iphoneos;
				SWIFT_OPTIMIZATION_LEVEL = "-Onone";
				TARGETED_DEVICE_FAMILY = "1,2";
			};
			name = Debug;
		};
		BCC620A41DA9DB0E002C8262 /* Release */ = {
			isa = XCBuildConfiguration;
			buildSettings = {
				ALWAYS_SEARCH_USER_PATHS = NO;
				CLANG_CXX_LANGUAGE_STANDARD = "gnu++0x";
				CLANG_CXX_LIBRARY = "libc++";
				CLANG_ENABLE_MODULES = YES;
				CLANG_ENABLE_OBJC_ARC = YES;
				CLANG_WARN_BOOL_CONVERSION = YES;
				CLANG_WARN_CONSTANT_CONVERSION = YES;
				CLANG_WARN_DIRECT_OBJC_ISA_USAGE = YES_ERROR;
				CLANG_WARN_EMPTY_BODY = YES;
				CLANG_WARN_ENUM_CONVERSION = YES;
				CLANG_WARN_INT_CONVERSION = YES;
				CLANG_WARN_OBJC_ROOT_CLASS = YES_ERROR;
				CLANG_WARN_UNREACHABLE_CODE = YES;
				CLANG_WARN__DUPLICATE_METHOD_MATCH = YES;
				"CODE_SIGN_IDENTITY[sdk=iphoneos*]" = "iPhone Developer";
				COPY_PHASE_STRIP = NO;
				DEBUG_INFORMATION_FORMAT = "dwarf-with-dsym";
				ENABLE_NS_ASSERTIONS = NO;
				ENABLE_STRICT_OBJC_MSGSEND = YES;
				GCC_C_LANGUAGE_STANDARD = gnu99;
				GCC_NO_COMMON_BLOCKS = YES;
				GCC_WARN_64_TO_32_BIT_CONVERSION = YES;
				GCC_WARN_ABOUT_RETURN_TYPE = YES_ERROR;
				GCC_WARN_UNDECLARED_SELECTOR = YES;
				GCC_WARN_UNINITIALIZED_AUTOS = YES_AGGRESSIVE;
				GCC_WARN_UNUSED_FUNCTION = YES;
				GCC_WARN_UNUSED_VARIABLE = YES;
				IPHONEOS_DEPLOYMENT_TARGET = 9.2;
				MTL_ENABLE_DEBUG_INFO = NO;
				SDKROOT = iphoneos;
				TARGETED_DEVICE_FAMILY = "1,2";
				VALIDATE_PRODUCT = YES;
			};
			name = Release;
		};
		BCC620A61DA9DB0E002C8262 /* Debug */ = {
			isa = XCBuildConfiguration;
			buildSettings = {
				ASSETCATALOG_COMPILER_APPICON_NAME = AppIcon;
				INFOPLIST_FILE = product/Info.plist;
				LD_RUNPATH_SEARCH_PATHS = "$(inherited) @executable_path/Frameworks";
				PRODUCT_BUNDLE_IDENTIFIER = net.10000phone.product;
				PRODUCT_NAME = "$(TARGET_NAME)";
			};
			name = Debug;
		};
		BCC620A71DA9DB0E002C8262 /* Release */ = {
			isa = XCBuildConfiguration;
			buildSettings = {
				ASSETCATALOG_COMPILER_APPICON_NAME = AppIcon;
				INFOPLIST_FILE = product/Info.plist;
				LD_RUNPATH_SEARCH_PATHS = "$(inherited) @executable_path/Frameworks";
				PRODUCT_BUNDLE_IDENTIFIER = net.10000phone.product;
				PRODUCT_NAME = "$(TARGET_NAME)";
			};
			name = Release;
		};
/* End XCBuildConfiguration section */

/* Begin XCConfigurationList section */
		BCC6208E1DA9DB0E002C8262 /* Build configuration list for PBXProject "product" */ = {
			isa = XCConfigurationList;
			buildConfigurations = (
				BCC620A31DA9DB0E002C8262 /* Debug */,
				BCC620A41DA9DB0E002C8262 /* Release */,
			);
			defaultConfigurationIsVisible = 0;
			defaultConfigurationName = Release;
		};
		BCC620A51DA9DB0E002C8262 /* Build configuration list for PBXNativeTarget "product" */ = {
			isa = XCConfigurationList;
			buildConfigurations = (
				BCC620A61DA9DB0E002C8262 /* Debug */,
				BCC620A71DA9DB0E002C8262 /* Release */,
			);
			defaultConfigurationIsVisible = 0;
			defaultConfigurationName = Release;
		};
/* End XCConfigurationList section */
	};
	rootObject = BCC6208B1DA9DB0E002C8262 /* Project object */;
}
